
Microsoft Visual Studio Solution File, Format Version 12.00
Project("{FAE04EC0-301F-11D3-BF4B-00C04F79EFBC}") = "MediatR", "MediatR\MediatR.csproj", "{8BB6A8FA-A417-4EFA-83DD-CAA26856297D}"
EndProject
Project("{FAE04EC0-301F-11D3-BF4B-00C04F79EFBC}") = "TestApp", "TestApp\TestApp.csproj", "{536AD651-1455-469E-BD7B-E7CAFB8B50CB}"
EndProject
Project("{FAE04EC0-301F-11D3-BF4B-00C04F79EFBC}") = "MediatR.Tests", "MediatR.Tests\MediatR.Tests.csproj", "{8CB41B43-D041-40F9-8A4B-4613EA8BDFB4}"
EndProject
Project("{FAE04EC0-301F-11D3-BF4B-00C04F79EFBC}") = "MediatR.Extensions.FluentValidation", "MediatR.Extensions.FluentValidation\MediatR.Extensions.FluentValidation.csproj", "{B8B3B9B1-8A41-4B4A-9D9B-1E6C37A3BB21}"
EndProject
Project("{FAE04EC0-301F-11D3-BF4B-00C04F79EFBC}") = "MediatR.Extensions.FluentValidation.Tests", "MediatR.Extensions.FluentValidation.Tests\MediatR.Extensions.FluentValidation.Tests.csproj", "{C3E8F4A2-6D72-4B5E-9B3A-75D3D41F6A82}"
EndProject
Project("{FAE04EC0-301F-11D3-BF4B-00C04F79EFBC}") = "MediatR.Abstractions", "MediatR.Abstractions\MediatR.Abstractions.csproj", "{EC6B1FFF-EBE6-435E-B658-973225E3AE74}"
EndProject
Global
	GlobalSection(SolutionConfigurationPlatforms) = preSolution
		Debug|Any CPU = Debug|Any CPU
		Debug|x64 = Debug|x64
		Debug|x86 = Debug|x86
		Release|Any CPU = Release|Any CPU
		Release|x64 = Release|x64
		Release|x86 = Release|x86
	EndGlobalSection
	GlobalSection(ProjectConfigurationPlatforms) = postSolution
		{8BB6A8FA-A417-4EFA-83DD-CAA26856297D}.Debug|Any CPU.ActiveCfg = Debug|Any CPU
		{8BB6A8FA-A417-4EFA-83DD-CAA26856297D}.Debug|Any CPU.Build.0 = Debug|Any CPU
		{8BB6A8FA-A417-4EFA-83DD-CAA26856297D}.Debug|x64.ActiveCfg = Debug|Any CPU
		{8BB6A8FA-A417-4EFA-83DD-CAA26856297D}.Debug|x64.Build.0 = Debug|Any CPU
		{8BB6A8FA-A417-4EFA-83DD-CAA26856297D}.Debug|x86.ActiveCfg = Debug|Any CPU
		{8BB6A8FA-A417-4EFA-83DD-CAA26856297D}.Debug|x86.Build.0 = Debug|Any CPU
		{8BB6A8FA-A417-4EFA-83DD-CAA26856297D}.Release|Any CPU.ActiveCfg = Release|Any CPU
		{8BB6A8FA-A417-4EFA-83DD-CAA26856297D}.Release|Any CPU.Build.0 = Release|Any CPU
		{8BB6A8FA-A417-4EFA-83DD-CAA26856297D}.Release|x64.ActiveCfg = Release|Any CPU
		{8BB6A8FA-A417-4EFA-83DD-CAA26856297D}.Release|x64.Build.0 = Release|Any CPU
		{8BB6A8FA-A417-4EFA-83DD-CAA26856297D}.Release|x86.ActiveCfg = Release|Any CPU
		{8BB6A8FA-A417-4EFA-83DD-CAA26856297D}.Release|x86.Build.0 = Release|Any CPU
		{536AD651-1455-469E-BD7B-E7CAFB8B50CB}.Debug|Any CPU.ActiveCfg = Debug|Any CPU
		{536AD651-1455-469E-BD7B-E7CAFB8B50CB}.Debug|Any CPU.Build.0 = Debug|Any CPU
		{536AD651-1455-469E-BD7B-E7CAFB8B50CB}.Debug|x64.ActiveCfg = Debug|Any CPU
		{536AD651-1455-469E-BD7B-E7CAFB8B50CB}.Debug|x64.Build.0 = Debug|Any CPU
		{536AD651-1455-469E-BD7B-E7CAFB8B50CB}.Debug|x86.ActiveCfg = Debug|Any CPU
		{536AD651-1455-469E-BD7B-E7CAFB8B50CB}.Debug|x86.Build.0 = Debug|Any CPU
		{536AD651-1455-469E-BD7B-E7CAFB8B50CB}.Release|Any CPU.ActiveCfg = Release|Any CPU
		{536AD651-1455-469E-BD7B-E7CAFB8B50CB}.Release|Any CPU.Build.0 = Release|Any CPU
		{536AD651-1455-469E-BD7B-E7CAFB8B50CB}.Release|x64.ActiveCfg = Release|Any CPU
		{536AD651-1455-469E-BD7B-E7CAFB8B50CB}.Release|x64.Build.0 = Release|Any CPU
		{536AD651-1455-469E-BD7B-E7CAFB8B50CB}.Release|x86.ActiveCfg = Release|Any CPU
		{536AD651-1455-469E-BD7B-E7CAFB8B50CB}.Release|x86.Build.0 = Release|Any CPU
		{8CB41B43-D041-40F9-8A4B-4613EA8BDFB4}.Debug|Any CPU.ActiveCfg = Debug|Any CPU
		{8CB41B43-D041-40F9-8A4B-4613EA8BDFB4}.Debug|Any CPU.Build.0 = Debug|Any CPU
		{8CB41B43-D041-40F9-8A4B-4613EA8BDFB4}.Debug|x64.ActiveCfg = Debug|Any CPU
		{8CB41B43-D041-40F9-8A4B-4613EA8BDFB4}.Debug|x64.Build.0 = Debug|Any CPU
		{8CB41B43-D041-40F9-8A4B-4613EA8BDFB4}.Debug|x86.ActiveCfg = Debug|Any CPU
		{8CB41B43-D041-40F9-8A4B-4613EA8BDFB4}.Debug|x86.Build.0 = Debug|Any CPU
		{8CB41B43-D041-40F9-8A4B-4613EA8BDFB4}.Release|Any CPU.ActiveCfg = Release|Any CPU
		{8CB41B43-D041-40F9-8A4B-4613EA8BDFB4}.Release|Any CPU.Build.0 = Release|Any CPU
		{8CB41B43-D041-40F9-8A4B-4613EA8BDFB4}.Release|x64.ActiveCfg = Release|Any CPU
		{8CB41B43-D041-40F9-8A4B-4613EA8BDFB4}.Release|x64.Build.0 = Release|Any CPU
		{8CB41B43-D041-40F9-8A4B-4613EA8BDFB4}.Release|x86.ActiveCfg = Release|Any CPU
		{8CB41B43-D041-40F9-8A4B-4613EA8BDFB4}.Release|x86.Build.0 = Release|Any CPU
		{B8B3B9B1-8A41-4B4A-9D9B-1E6C37A3BB21}.Debug|Any CPU.ActiveCfg = Debug|Any CPU
		{B8B3B9B1-8A41-4B4A-9D9B-1E6C37A3BB21}.Debug|Any CPU.Build.0 = Debug|Any CPU
		{B8B3B9B1-8A41-4B4A-9D9B-1E6C37A3BB21}.Debug|x64.ActiveCfg = Debug|Any CPU
		{B8B3B9B1-8A41-4B4A-9D9B-1E6C37A3BB21}.Debug|x64.Build.0 = Debug|Any CPU
		{B8B3B9B1-8A41-4B4A-9D9B-1E6C37A3BB21}.Debug|x86.ActiveCfg = Debug|Any CPU
		{B8B3B9B1-8A41-4B4A-9D9B-1E6C37A3BB21}.Debug|x86.Build.0 = Debug|Any CPU
		{B8B3B9B1-8A41-4B4A-9D9B-1E6C37A3BB21}.Release|Any CPU.ActiveCfg = Release|Any CPU
		{B8B3B9B1-8A41-4B4A-9D9B-1E6C37A3BB21}.Release|Any CPU.Build.0 = Release|Any CPU
		{B8B3B9B1-8A41-4B4A-9D9B-1E6C37A3BB21}.Release|x64.ActiveCfg = Release|Any CPU
		{B8B3B9B1-8A41-4B4A-9D9B-1E6C37A3BB21}.Release|x64.Build.0 = Release|Any CPU
		{B8B3B9B1-8A41-4B4A-9D9B-1E6C37A3BB21}.Release|x86.ActiveCfg = Release|Any CPU
		{B8B3B9B1-8A41-4B4A-9D9B-1E6C37A3BB21}.Release|x86.Build.0 = Release|Any CPU
		{C3E8F4A2-6D72-4B5E-9B3A-75D3D41F6A82}.Debug|Any CPU.ActiveCfg = Debug|Any CPU
		{C3E8F4A2-6D72-4B5E-9B3A-75D3D41F6A82}.Debug|Any CPU.Build.0 = Debug|Any CPU
		{C3E8F4A2-6D72-4B5E-9B3A-75D3D41F6A82}.Debug|x64.ActiveCfg = Debug|Any CPU
		{C3E8F4A2-6D72-4B5E-9B3A-75D3D41F6A82}.Debug|x64.Build.0 = Debug|Any CPU
		{C3E8F4A2-6D72-4B5E-9B3A-75D3D41F6A82}.Debug|x86.ActiveCfg = Debug|Any CPU
		{C3E8F4A2-6D72-4B5E-9B3A-75D3D41F6A82}.Debug|x86.Build.0 = Debug|Any CPU
		{C3E8F4A2-6D72-4B5E-9B3A-75D3D41F6A82}.Release|Any CPU.ActiveCfg = Release|Any CPU
		{C3E8F4A2-6D72-4B5E-9B3A-75D3D41F6A82}.Release|Any CPU.Build.0 = Release|Any CPU
		{C3E8F4A2-6D72-4B5E-9B3A-75D3D41F6A82}.Release|x64.ActiveCfg = Release|Any CPU
		{C3E8F4A2-6D72-4B5E-9B3A-75D3D41F6A82}.Release|x64.Build.0 = Release|Any CPU
		{C3E8F4A2-6D72-4B5E-9B3A-75D3D41F6A82}.Release|x86.ActiveCfg = Release|Any CPU
		{C3E8F4A2-6D72-4B5E-9B3A-75D3D41F6A82}.Release|x86.Build.0 = Release|Any CPU
		{EC6B1FFF-EBE6-435E-B658-973225E3AE74}.Debug|Any CPU.ActiveCfg = Debug|Any CPU
		{EC6B1FFF-EBE6-435E-B658-973225E3AE74}.Debug|Any CPU.Build.0 = Debug|Any CPU
		{EC6B1FFF-EBE6-435E-B658-973225E3AE74}.Debug|x64.ActiveCfg = Debug|Any CPU
		{EC6B1FFF-EBE6-435E-B658-973225E3AE74}.Debug|x64.Build.0 = Debug|Any CPU
		{EC6B1FFF-EBE6-435E-B658-973225E3AE74}.Debug|x86.ActiveCfg = Debug|Any CPU
		{EC6B1FFF-EBE6-435E-B658-973225E3AE74}.Debug|x86.Build.0 = Debug|Any CPU
		{EC6B1FFF-EBE6-435E-B658-973225E3AE74}.Release|Any CPU.ActiveCfg = Release|Any CPU
		{EC6B1FFF-EBE6-435E-B658-973225E3AE74}.Release|Any CPU.Build.0 = Release|Any CPU
		{EC6B1FFF-EBE6-435E-B658-973225E3AE74}.Release|x64.ActiveCfg = Release|Any CPU
		{EC6B1FFF-EBE6-435E-B658-973225E3AE74}.Release|x64.Build.0 = Release|Any CPU
		{EC6B1FFF-EBE6-435E-B658-973225E3AE74}.Release|x86.ActiveCfg = Release|Any CPU
		{EC6B1FFF-EBE6-435E-B658-973225E3AE74}.Release|x86.Build.0 = Release|Any CPU
	EndGlobalSection
	GlobalSection(SolutionProperties) = preSolution
		HideSolutionNode = FALSE
	EndGlobalSection
EndGlobal
